
Microsoft Visual Studio Solution File, Format Version 12.00
# Visual Studio Version 17
VisualStudioVersion = 17.8.34330.188
MinimumVisualStudioVersion = 10.0.40219.1
Project("{FAE04EC0-301F-11D3-BF4B-00C04F79EFBC}") = "FrustraType", "FrustraType\FrustraType.csproj", "{22619B45-E835-41B5-8FDA-3BAC154C6A62}"
EndProject
Global
	GlobalSection(SolutionConfigurationPlatforms) = preSolution
		Debug|Any CPU = Debug|Any CPU
		Release|Any CPU = Release|Any CPU
	EndGlobalSection
	GlobalSection(ProjectConfigurationPlatforms) = postSolution
		{22619B45-E835-41B5-8FDA-3BAC154C6A62}.Debug|Any CPU.ActiveCfg = Debug|Any CPU
		{22619B45-E835-41B5-8FDA-3BAC154C6A62}.Debug|Any CPU.Build.0 = Debug|Any CPU
		{22619B45-E835-41B5-8FDA-3BAC154C6A62}.Release|Any CPU.ActiveCfg = Release|Any CPU
		{22619B45-E835-41B5-8FDA-3BAC154C6A62}.Release|Any CPU.Build.0 = Release|Any CPU
	EndGlobalSection
	GlobalSection(SolutionProperties) = preSolution
		HideSolutionNode = FALSE
	EndGlobalSection
	GlobalSection(ExtensibilityGlobals) = postSolution
		SolutionGuid = {03CC708C-6D60-411B-8439-F3D093FB88B1}
	EndGlobalSection
EndGlobal
